
Microsoft Visual Studio Solution File, Format Version 12.00
# Visual Studio 15
VisualStudioVersion = 15.0.26430.4
MinimumVisualStudioVersion = 10.0.40219.1
Project("{9092AA53-FB77-4645-B42D-1CCCA6BD08BD}") = "boc", "boc.njsproj", "{744F3471-73E9-4A35-8867-8C6F47572785}"
EndProject
Global
	GlobalSection(SolutionConfigurationPlatforms) = preSolution
		Debug|Any CPU = Debug|Any CPU
		Release|Any CPU = Release|Any CPU
	EndGlobalSection
	GlobalSection(ProjectConfigurationPlatforms) = postSolution
		{744F3471-73E9-4A35-8867-8C6F47572785}.Debug|Any CPU.ActiveCfg = Debug|Any CPU
		{744F3471-73E9-4A35-8867-8C6F47572785}.Debug|Any CPU.Build.0 = Debug|Any CPU
		{744F3471-73E9-4A35-8867-8C6F47572785}.Release|Any CPU.ActiveCfg = Debug|Any CPU
		{744F3471-73E9-4A35-8867-8C6F47572785}.Release|Any CPU.Build.0 = Debug|Any CPU
	EndGlobalSection
	GlobalSection(SolutionProperties) = preSolution
		HideSolutionNode = FALSE
	EndGlobalSection
EndGlobal
